github.com/ajstarks/svgo v0.0.0-20200320125537-f189e35d30ca h1:kWzLcty5V2rzOqJM7Tp/MfSX0RMSI1x4IOLApEefYxA=
github.com/ajstarks/svgo v0.0.0-20200320125537-f189e35d30ca/go.mod h1:K08gAheRH3/J6wwsYMMT4xOr94bZjxIelGM0+d/wbFw=
github.com/rhinoxi/chess v1.8.1-0.20220621073709-57951972f1f2 h1:0Qjdip5YyvU7FjztTBNci4cQM8PSsiyXXxWrbjmR+Lo=
github.com/rhinoxi/chess v1.8.1-0.20220621073709-57951972f1f2/go.mod h1:OHHiTWqUPP6zATBuaHppGxRqkytPUXzVBd0RcVBcNiU=
github.com/srwiley/oksvg v0.0.0-20220128195007-1f435e4c2b44 h1:XPYXKIuH/n5zpUoEWk2jWV/SjEMNYmqDYmTgbjmhtaI=
github.com/srwiley/oksvg v0.0.0-20220128195007-1f435e4c2b44/go.mod h1:cNQ3dwVJtS5Hmnjxy6AgTPd0Inb3pW05ftPSX7NZO7Q=
github.com/srwiley/rasterx v0.0.0-20220615024203-67b7089efd25 h1:uyi1c8AxAw2b9MTr639iqz45FMFb4dDR7rB++NaVooo=
github.com/srwiley/rasterx v0.0.0-20220615024203-67b7089efd25/go.mod h1:nXTWP6+gD5+LUJ8krVhhoeHjvHTutPxMYl5SvkcnJNE=
golang.org/x/image v0.0.0-20211028202545-6944b10bf410 h1:hTftEOvwiOq2+O8k2D5/Q7COC7k5Qcrgc2TFURJYnvQ=
golang.org/x/image v0.0.0-20211028202545-6944b10bf410/go.mod h1:023OzeP/+EPmXeapQh35lcL3II3LrY8Ic+EFFKVhULM=
golang.org/x/net v0.0.0-20211118161319-6a13c67c3ce4 h1:DZshvxDdVoeKIbudAdFEKi+f70l51luSy/7b76ibTY0=
golang.org/x/net v0.0.0-20211118161319-6a13c67c3ce4/go.mod h1:9nx3DQGgdP8bBQD5qxJ1jj9UTztislL4KSBs9R2vV5Y=
golang.org/x/text v0.3.6 h1:aRYxNxv6iGQlyVaZmk6ZgYEDa+Jg18DxebPSrd6bg1M=
golang.org/x/text v0.3.6/go.mod h1:5Zoc/QRtKVWzQhOtBMvqHzDpF6irO9z98xDceosuGiQ=
golang.org/x/tools v0.0.0-20180917221912-90fa682c2a6e/go.mod h1:n7NCudcB/nEzxVGmLbDWY5pfWTLqBcC2KZ6jyYvM4mQ=
